{
  "name": "rest-express",
  "version": "1.0.0",
  "lockfileVersion": 3,
  "requires": true,
  "packages": {
    "": {
      "devDependencies": {
        "rimraf": "^5.0.5"
      }
    },
    "node_modules/rimraf": {
      "version": "5.0.5",
      "resolved": "https://registry.npmjs.org/rimraf/-/rimraf-5.0.5.tgz",
      "integrity": "sha512-X0fwhNj6sYA8Xo+8kqvK1IEuRW5aDzTzGG9xG7s2UXPBiMTuOXie2YUt+7bZ7zG6yW+rhMX5CqEZR+CG2+h9uQ==",
      "dev": true
    }
  },
  "dependencies": {
    "rimraf": {
      "version": "5.0.5",
      "resolved": "https://registry.npmjs.org/rimraf/-/rimraf-5.0.5.tgz",
      "integrity": "sha512-X0fwhNj6sYA8Xo+8kqvK1IEuRW5aDzTzGG9xG7s2UXPBiMTuOXie2YUt+7bZ7zG6yW+rhMX5CqEZR+CG2+h9uQ==",
      "dev": true
    }
  }
}